
Microsoft Visual Studio Solution File, Format Version 12.00
# Visual Studio Version 17
VisualStudioVersion = 17.8.34309.116
MinimumVisualStudioVersion = 10.0.40219.1
Project("{FAE04EC0-301F-11D3-BF4B-00C04F79EFBC}") = "TorG", "TorG.csproj", "{C33A4480-E73C-4F65-A85D-2183AF9042EE}"
EndProject
Global
	GlobalSection(SolutionConfigurationPlatforms) = preSolution
		Debug|Any CPU = Debug|Any CPU
		Release|Any CPU = Release|Any CPU
	EndGlobalSection
	GlobalSection(ProjectConfigurationPlatforms) = postSolution
		{C33A4480-E73C-4F65-A85D-2183AF9042EE}.Debug|Any CPU.ActiveCfg = Debug|Any CPU
		{C33A4480-E73C-4F65-A85D-2183AF9042EE}.Debug|Any CPU.Build.0 = Debug|Any CPU
		{C33A4480-E73C-4F65-A85D-2183AF9042EE}.Release|Any CPU.ActiveCfg = Release|Any CPU
		{C33A4480-E73C-4F65-A85D-2183AF9042EE}.Release|Any CPU.Build.0 = Release|Any CPU
	EndGlobalSection
	GlobalSection(SolutionProperties) = preSolution
		HideSolutionNode = FALSE
	EndGlobalSection
	GlobalSection(ExtensibilityGlobals) = postSolution
		SolutionGuid = {4F4A829C-DA45-43DD-A05D-7B42196407ED}
	EndGlobalSection
EndGlobal
